
Microsoft Visual Studio Solution File, Format Version 12.00
# Visual Studio Version 16
VisualStudioVersion = 16.0.31205.134
MinimumVisualStudioVersion = 10.0.40219.1
Project("{FAE04EC0-301F-11D3-BF4B-00C04F79EFBC}") = "CQRS", "CQRS\CQRS.csproj", "{F4AD4C53-7617-4C19-8E3B-86C78A22C6AD}"
EndProject
Global
	GlobalSection(SolutionConfigurationPlatforms) = preSolution
		Debug|Any CPU = Debug|Any CPU
		Release|Any CPU = Release|Any CPU
	EndGlobalSection
	GlobalSection(ProjectConfigurationPlatforms) = postSolution
		{F4AD4C53-7617-4C19-8E3B-86C78A22C6AD}.Debug|Any CPU.ActiveCfg = Debug|Any CPU
		{F4AD4C53-7617-4C19-8E3B-86C78A22C6AD}.Debug|Any CPU.Build.0 = Debug|Any CPU
		{F4AD4C53-7617-4C19-8E3B-86C78A22C6AD}.Release|Any CPU.ActiveCfg = Release|Any CPU
		{F4AD4C53-7617-4C19-8E3B-86C78A22C6AD}.Release|Any CPU.Build.0 = Release|Any CPU
	EndGlobalSection
	GlobalSection(SolutionProperties) = preSolution
		HideSolutionNode = FALSE
	EndGlobalSection
	GlobalSection(ExtensibilityGlobals) = postSolution
		SolutionGuid = {E44D363E-D107-4173-A8F0-0A15DA056350}
	EndGlobalSection
EndGlobal
